
Microsoft Visual Studio Solution File, Format Version 12.00
# Visual Studio Version 17
VisualStudioVersion = 17.0.31919.166
MinimumVisualStudioVersion = 10.0.40219.1
Project("{FAE04EC0-301F-11D3-BF4B-00C04F79EFBC}") = "Compare Folders", "Compare Folders\Compare Folders.csproj", "{2577EF7B-CF69-4484-929D-4C3C411E1391}"
EndProject
Global
	GlobalSection(SolutionConfigurationPlatforms) = preSolution
		Debug|Any CPU = Debug|Any CPU
		Release|Any CPU = Release|Any CPU
	EndGlobalSection
	GlobalSection(ProjectConfigurationPlatforms) = postSolution
		{2577EF7B-CF69-4484-929D-4C3C411E1391}.Debug|Any CPU.ActiveCfg = Debug|Any CPU
		{2577EF7B-CF69-4484-929D-4C3C411E1391}.Debug|Any CPU.Build.0 = Debug|Any CPU
		{2577EF7B-CF69-4484-929D-4C3C411E1391}.Release|Any CPU.ActiveCfg = Release|Any CPU
		{2577EF7B-CF69-4484-929D-4C3C411E1391}.Release|Any CPU.Build.0 = Release|Any CPU
	EndGlobalSection
	GlobalSection(SolutionProperties) = preSolution
		HideSolutionNode = FALSE
	EndGlobalSection
	GlobalSection(ExtensibilityGlobals) = postSolution
		SolutionGuid = {EB7ABD02-B9D4-47AD-AE16-A3D2B40C2B0B}
	EndGlobalSection
EndGlobal
